<?xml version="1.0" encoding="utf-8"?>
<Project ToolsVersion="4.0" xmlns="http://schemas.microsoft.com/developer/msbuild/2003">
  <ItemGroup>
    <Filter Include="Source Files">
      <UniqueIdentifier>{4FC737F1-C7A5-4376-A066-2A32D752A2FF}</UniqueIdentifier>
      <Extensions>cpp;c;cc;cxx;def;odl;idl;hpj;bat;asm;asmx</Extensions>
    </Filter>
    <Filter Include="Header Files">
      <UniqueIdentifier>{93995380-89BD-4b04-88EB-625FBE52EBFB}</UniqueIdentifier>
      <Extensions>h;hpp;hxx;hm;inl;inc;xsd</Extensions>
    </Filter>
    <Filter Include="Resource Files">
      <UniqueIdentifier>{67DA6AB6-F800-4c08-8B7A-83BB121AAD01}</UniqueIdentifier>
      <Extensions>rc;ico;cur;bmp;dlg;rc2;rct;bin;rgs;gif;jpg;jpeg;jpe;resx;tiff;tif;png;wav;mfcribbon-ms</Extensions>
    </Filter>
    <Filter Include="PCAP and Systems .h">
      <UniqueIdentifier>{7904bf71-9234-43c5-adfa-7b3a17afd2a8}</UniqueIdentifier>
    </Filter>
  </ItemGroup>
  <ItemGroup>
    <None Include="ReadMe.txt" />
    <None Include="Lib\libwpcap.a" />
    <None Include="Lib\libpacket.a" />
    <None Include="httpSniffer.aps" />
  </ItemGroup>
  <ItemGroup>
    <ClInclude Include="Include\pcap.h">
      <Filter>PCAP and Systems .h</Filter>
    </ClInclude>
    <ClInclude Include="Include\Packet32.h">
      <Filter>PCAP and Systems .h</Filter>
    </ClInclude>
    <ClInclude Include="Include\pcap-bpf.h">
      <Filter>PCAP and Systems .h</Filter>
    </ClInclude>
    <ClInclude Include="Include\pcap-namedb.h">
      <Filter>PCAP and Systems .h</Filter>
    </ClInclude>
    <ClInclude Include="Include\pcap-stdinc.h">
      <Filter>PCAP and Systems .h</Filter>
    </ClInclude>
    <ClInclude Include="Include\ip6_misc.h">
      <Filter>PCAP and Systems .h</Filter>
    </ClInclude>
    <ClInclude Include="Include\bittypes.h">
      <Filter>PCAP and Systems .h</Filter>
    </ClInclude>
    <ClInclude Include="Include\Win32-Extensions.h">
      <Filter>PCAP and Systems .h</Filter>
    </ClInclude>
    <ClInclude Include="Include\remote-ext.h">
      <Filter>PCAP and Systems .h</Filter>
    </ClInclude>
    <ClInclude Include="stdafx.h">
      <Filter>PCAP and Systems .h</Filter>
    </ClInclude>
    <ClInclude Include="resource.h">
      <Filter>PCAP and Systems .h</Filter>
    </ClInclude>
    <ClInclude Include="targetver.h">
      <Filter>PCAP and Systems .h</Filter>
    </ClInclude>
    <ClInclude Include="HSTcpPacket.h">
      <Filter>Header Files</Filter>
    </ClInclude>
    <ClInclude Include="HSStrList.h">
      <Filter>Header Files</Filter>
    </ClInclude>
    <ClInclude Include="Include\HSstructs.h">
      <Filter>Header Files</Filter>
    </ClInclude>
    <ClInclude Include="HSSavedSessionClass.h">
      <Filter>Header Files</Filter>
    </ClInclude>
    <ClInclude Include="HSLinkedListCont.h">
      <Filter>Header Files</Filter>
    </ClInclude>
    <ClInclude Include="HSLinkedList.h">
      <Filter>Header Files</Filter>
    </ClInclude>
    <ClInclude Include="HSWebTool.h">
      <Filter>Header Files</Filter>
    </ClInclude>
  </ItemGroup>
  <ItemGroup>
    <ClCompile Include="stdafx.cpp">
      <Filter>Source Files</Filter>
    </ClCompile>
    <ClCompile Include="httpSniffer.cpp">
      <Filter>Source Files</Filter>
    </ClCompile>
    <ClCompile Include="HSTcpPacket.cpp">
      <Filter>Source Files</Filter>
    </ClCompile>
    <ClCompile Include="HSStrList.cpp">
      <Filter>Source Files</Filter>
    </ClCompile>
    <ClCompile Include="HSLinkedListCont.cpp">
      <Filter>Source Files</Filter>
    </ClCompile>
    <ClCompile Include="HSLinkedList.cpp">
      <Filter>Source Files</Filter>
    </ClCompile>
    <ClCompile Include="HSWebTool.cpp">
      <Filter>Source Files</Filter>
    </ClCompile>
  </ItemGroup>
  <ItemGroup>
    <ResourceCompile Include="httpSniffer.rc">
      <Filter>Resource Files</Filter>
    </ResourceCompile>
  </ItemGroup>
  <ItemGroup>
    <Library Include="Lib\wpcap.lib" />
    <Library Include="Lib\Packet.lib" />
  </ItemGroup>
</Project>